// !$*UTF8*$!
{
	archiveVersion = 1;
	classes = {
	};
	objectVersion = 46;
	objects = {

/* Begin PBXBuildFile section */
		D43AE71D1A344531005EB70D /* AppDelegate.swift in Sources */ = {isa = PBXBuildFile; fileRef = D43AE71C1A344531005EB70D /* AppDelegate.swift */; };
		D43AE71F1A344531005EB70D /* ViewController.swift in Sources */ = {isa = PBXBuildFile; fileRef = D43AE71E1A344531005EB70D /* ViewController.swift */; };
		D43AE7221A344531005EB70D /* Main.storyboard in Resources */ = {isa = PBXBuildFile; fileRef = D43AE7201A344531005EB70D /* Main.storyboard */; };
		D43AE7241A344531005EB70D /* Images.xcassets in Resources */ = {isa = PBXBuildFile; fileRef = D43AE7231A344531005EB70D /* Images.xcassets */; };
		D43AE7271A344531005EB70D /* LaunchScreen.xib in Resources */ = {isa = PBXBuildFile; fileRef = D43AE7251A344531005EB70D /* LaunchScreen.xib */; };
		D43AE7331A344531005EB70D /* VacationListTests.swift in Sources */ = {isa = PBXBuildFile; fileRef = D43AE7321A344531005EB70D /* VacationListTests.swift */; };
		D43AE7411A3449BB005EB70D /* AddVacationViewController.swift in Sources */ = {isa = PBXBuildFile; fileRef = D43AE7401A3449BB005EB70D /* AddVacationViewController.swift */; };
		D43AE7431A344A03005EB70D /* VacationListTableViewController.swift in Sources */ = {isa = PBXBuildFile; fileRef = D43AE7421A344A03005EB70D /* VacationListTableViewController.swift */; };
		D43AE7451A345073005EB70D /* Vacation.swift in Sources */ = {isa = PBXBuildFile; fileRef = D43AE7441A345073005EB70D /* Vacation.swift */; };
/* End PBXBuildFile section */

/* Begin PBXContainerItemProxy section */
		D43AE72D1A344531005EB70D /* PBXContainerItemProxy */ = {
			isa = PBXContainerItemProxy;
			containerPortal = D43AE70F1A344531005EB70D /* Project object */;
			proxyType = 1;
			remoteGlobalIDString = D43AE7161A344531005EB70D;
			remoteInfo = VacationList;
		};
/* End PBXContainerItemProxy section */

/* Begin PBXFileReference section */
		D43AE7171A344531005EB70D /* VacationList.app */ = {isa = PBXFileReference; explicitFileType = wrapper.application; includeInIndex = 0; path = VacationList.app; sourceTree = BUILT_PRODUCTS_DIR; };
		D43AE71B1A344531005EB70D /* Info.plist */ = {isa = PBXFileReference; lastKnownFileType = text.plist.xml; path = Info.plist; sourceTree = "<group>"; };
		D43AE71C1A344531005EB70D /* AppDelegate.swift */ = {isa = PBXFileReference; lastKnownFileType = sourcecode.swift; path = AppDelegate.swift; sourceTree = "<group>"; };
		D43AE71E1A344531005EB70D /* ViewController.swift */ = {isa = PBXFileReference; lastKnownFileType = sourcecode.swift; path = ViewController.swift; sourceTree = "<group>"; };
		D43AE7211A344531005EB70D /* Base */ = {isa = PBXFileReference; lastKnownFileType = file.storyboard; name = Base; path = Base.lproj/Main.storyboard; sourceTree = "<group>"; };
		D43AE7231A344531005EB70D /* Images.xcassets */ = {isa = PBXFileReference; lastKnownFileType = folder.assetcatalog; path = Images.xcassets; sourceTree = "<group>"; };
		D43AE7261A344531005EB70D /* Base */ = {isa = PBXFileReference; lastKnownFileType = file.xib; name = Base; path = Base.lproj/LaunchScreen.xib; sourceTree = "<group>"; };
		D43AE72C1A344531005EB70D /* VacationListTests.xctest */ = {isa = PBXFileReference; explicitFileType = wrapper.cfbundle; includeInIndex = 0; path = VacationListTests.xctest; sourceTree = BUILT_PRODUCTS_DIR; };
		D43AE7311A344531005EB70D /* Info.plist */ = {isa = PBXFileReference; lastKnownFileType = text.plist.xml; path = Info.plist; sourceTree = "<group>"; };
		D43AE7321A344531005EB70D /* VacationListTests.swift */ = {isa = PBXFileReference; lastKnownFileType = sourcecode.swift; path = VacationListTests.swift; sourceTree = "<group>"; };
		D43AE7401A3449BB005EB70D /* AddVacationViewController.swift */ = {isa = PBXFileReference; fileEncoding = 4; lastKnownFileType = sourcecode.swift; path = AddVacationViewController.swift; sourceTree = "<group>"; };
		D43AE7421A344A03005EB70D /* VacationListTableViewController.swift */ = {isa = PBXFileReference; fileEncoding = 4; lastKnownFileType = sourcecode.swift; path = VacationListTableViewController.swift; sourceTree = "<group>"; };
		D43AE7441A345073005EB70D /* Vacation.swift */ = {isa = PBXFileReference; fileEncoding = 4; lastKnownFileType = sourcecode.swift; path = Vacation.swift; sourceTree = "<group>"; };
/* End PBXFileReference section */

/* Begin PBXFrameworksBuildPhase section */
		D43AE7141A344531005EB70D /* Frameworks */ = {
			isa = PBXFrameworksBuildPhase;
			buildActionMask = 2147483647;
			files = (
			);
			runOnlyForDeploymentPostprocessing = 0;
		};
		D43AE7291A344531005EB70D /* Frameworks */ = {
			isa = PBXFrameworksBuildPhase;
			buildActionMask = 2147483647;
			files = (
			);
			runOnlyForDeploymentPostprocessing = 0;
		};
/* End PBXFrameworksBuildPhase section */

/* Begin PBXGroup section */
		D43AE70E1A344531005EB70D = {
			isa = PBXGroup;
			children = (
				D43AE7191A344531005EB70D /* VacationList */,
				D43AE72F1A344531005EB70D /* VacationListTests */,
				D43AE7181A344531005EB70D /* Products */,
			);
			sourceTree = "<group>";
		};
		D43AE7181A344531005EB70D /* Products */ = {
			isa = PBXGroup;
			children = (
				D43AE7171A344531005EB70D /* VacationList.app */,
				D43AE72C1A344531005EB70D /* VacationListTests.xctest */,
			);
			name = Products;
			sourceTree = "<group>";
		};
		D43AE7191A344531005EB70D /* VacationList */ = {
			isa = PBXGroup;
			children = (
				D43AE71C1A344531005EB70D /* AppDelegate.swift */,
				D43AE71E1A344531005EB70D /* ViewController.swift */,
				D43AE7401A3449BB005EB70D /* AddVacationViewController.swift */,
				D43AE7421A344A03005EB70D /* VacationListTableViewController.swift */,
				D43AE7441A345073005EB70D /* Vacation.swift */,
				D43AE7201A344531005EB70D /* Main.storyboard */,
				D43AE7231A344531005EB70D /* Images.xcassets */,
				D43AE7251A344531005EB70D /* LaunchScreen.xib */,
				D43AE71A1A344531005EB70D /* Supporting Files */,
			);
			path = VacationList;
			sourceTree = "<group>";
		};
		D43AE71A1A344531005EB70D /* Supporting Files */ = {
			isa = PBXGroup;
			children = (
				D43AE71B1A344531005EB70D /* Info.plist */,
			);
			name = "Supporting Files";
			sourceTree = "<group>";
		};
		D43AE72F1A344531005EB70D /* VacationListTests */ = {
			isa = PBXGroup;
			children = (
				D43AE7321A344531005EB70D /* VacationListTests.swift */,
				D43AE7301A344531005EB70D /* Supporting Files */,
			);
			path = VacationListTests;
			sourceTree = "<group>";
		};
		D43AE7301A344531005EB70D /* Supporting Files */ = {
			isa = PBXGroup;
			children = (
				D43AE7311A344531005EB70D /* Info.plist */,
			);
			name = "Supporting Files";
			sourceTree = "<group>";
		};
/* End PBXGroup section */

/* Begin PBXNativeTarget section */
		D43AE7161A344531005EB70D /* VacationList */ = {
			isa = PBXNativeTarget;
			buildConfigurationList = D43AE7361A344531005EB70D /* Build configuration list for PBXNativeTarget "VacationList" */;
			buildPhases = (
				D43AE7131A344531005EB70D /* Sources */,
				D43AE7141A344531005EB70D /* Frameworks */,
				D43AE7151A344531005EB70D /* Resources */,
			);
			buildRules = (
			);
			dependencies = (
			);
			name = VacationList;
			productName = VacationList;
			productReference = D43AE7171A344531005EB70D /* VacationList.app */;
			productType = "com.apple.product-type.application";
		};
		D43AE72B1A344531005EB70D /* VacationListTests */ = {
			isa = PBXNativeTarget;
			buildConfigurationList = D43AE7391A344531005EB70D /* Build configuration list for PBXNativeTarget "VacationListTests" */;
			buildPhases = (
				D43AE7281A344531005EB70D /* Sources */,
				D43AE7291A344531005EB70D /* Frameworks */,
				D43AE72A1A344531005EB70D /* Resources */,
			);
			buildRules = (
			);
			dependencies = (
				D43AE72E1A344531005EB70D /* PBXTargetDependency */,
			);
			name = VacationListTests;
			productName = VacationListTests;
			productReference = D43AE72C1A344531005EB70D /* VacationListTests.xctest */;
			productType = "com.apple.product-type.bundle.unit-test";
		};
/* End PBXNativeTarget section */

/* Begin PBXProject section */
		D43AE70F1A344531005EB70D /* Project object */ = {
			isa = PBXProject;
			attributes = {
				LastUpgradeCheck = 0610;
				ORGANIZATIONNAME = Xincode9;
				TargetAttributes = {
					D43AE7161A344531005EB70D = {
						CreatedOnToolsVersion = 6.1.1;
					};
					D43AE72B1A344531005EB70D = {
						CreatedOnToolsVersion = 6.1.1;
						TestTargetID = D43AE7161A344531005EB70D;
					};
				};
			};
			buildConfigurationList = D43AE7121A344531005EB70D /* Build configuration list for PBXProject "VacationList" */;
			compatibilityVersion = "Xcode 3.2";
			developmentRegion = English;
			hasScannedForEncodings = 0;
			knownRegions = (
				en,
				Base,
			);
			mainGroup = D43AE70E1A344531005EB70D;
			productRefGroup = D43AE7181A344531005EB70D /* Products */;
			projectDirPath = "";
			projectRoot = "";
			targets = (
				D43AE7161A344531005EB70D /* VacationList */,
				D43AE72B1A344531005EB70D /* VacationListTests */,
			);
		};
/* End PBXProject section */

/* Begin PBXResourcesBuildPhase section */
		D43AE7151A344531005EB70D /* Resources */ = {
			isa = PBXResourcesBuildPhase;
			buildActionMask = 2147483647;
			files = (
				D43AE7221A344531005EB70D /* Main.storyboard in Resources */,
				D43AE7271A344531005EB70D /* LaunchScreen.xib in Resources */,
				D43AE7241A344531005EB70D /* Images.xcassets in Resources */,
			);
			runOnlyForDeploymentPostprocessing = 0;
		};
		D43AE72A1A344531005EB70D /* Resources */ = {
			isa = PBXResourcesBuildPhase;
			buildActionMask = 2147483647;
			files = (
			);
			runOnlyForDeploymentPostprocessing = 0;
		};
/* End PBXResourcesBuildPhase section */

/* Begin PBXSourcesBuildPhase section */
		D43AE7131A344531005EB70D /* Sources */ = {
			isa = PBXSourcesBuildPhase;
			buildActionMask = 2147483647;
			files = (
				D43AE7451A345073005EB70D /* Vacation.swift in Sources */,
				D43AE7431A344A03005EB70D /* VacationListTableViewController.swift in Sources */,
				D43AE71F1A344531005EB70D /* ViewController.swift in Sources */,
				D43AE71D1A344531005EB70D /* AppDelegate.swift in Sources */,
				D43AE7411A3449BB005EB70D /* AddVacationViewController.swift in Sources */,
			);
			runOnlyForDeploymentPostprocessing = 0;
		};
		D43AE7281A344531005EB70D /* Sources */ = {
			isa = PBXSourcesBuildPhase;
			buildActionMask = 2147483647;
			files = (
				D43AE7331A344531005EB70D /* VacationListTests.swift in Sources */,
			);
			runOnlyForDeploymentPostprocessing = 0;
		};
/* End PBXSourcesBuildPhase section */

/* Begin PBXTargetDependency section */
		D43AE72E1A344531005EB70D /* PBXTargetDependency */ = {
			isa = PBXTargetDependency;
			target = D43AE7161A344531005EB70D /* VacationList */;
			targetProxy = D43AE72D1A344531005EB70D /* PBXContainerItemProxy */;
		};
/* End PBXTargetDependency section */

/* Begin PBXVariantGroup section */
		D43AE7201A344531005EB70D /* Main.storyboard */ = {
			isa = PBXVariantGroup;
			children = (
				D43AE7211A344531005EB70D /* Base */,
			);
			name = Main.storyboard;
			sourceTree = "<group>";
		};
		D43AE7251A344531005EB70D /* LaunchScreen.xib */ = {
			isa = PBXVariantGroup;
			children = (
				D43AE7261A344531005EB70D /* Base */,
			);
			name = LaunchScreen.xib;
			sourceTree = "<group>";
		};
/* End PBXVariantGroup section */

/* Begin XCBuildConfiguration section */
		D43AE7341A344531005EB70D /* Debug */ = {
			isa = XCBuildConfiguration;
			buildSettings = {
				ALWAYS_SEARCH_USER_PATHS = NO;
				CLANG_CXX_LANGUAGE_STANDARD = "gnu++0x";
				CLANG_CXX_LIBRARY = "libc++";
				CLANG_ENABLE_MODULES = YES;
				CLANG_ENABLE_OBJC_ARC = YES;
				CLANG_WARN_BOOL_CONVERSION = YES;
				CLANG_WARN_CONSTANT_CONVERSION = YES;
				CLANG_WARN_DIRECT_OBJC_ISA_USAGE = YES_ERROR;
				CLANG_WARN_EMPTY_BODY = YES;
				CLANG_WARN_ENUM_CONVERSION = YES;
				CLANG_WARN_INT_CONVERSION = YES;
				CLANG_WARN_OBJC_ROOT_CLASS = YES_ERROR;
				CLANG_WARN_UNREACHABLE_CODE = YES;
				CLANG_WARN__DUPLICATE_METHOD_MATCH = YES;
				"CODE_SIGN_IDENTITY[sdk=iphoneos*]" = "iPhone Developer";
				COPY_PHASE_STRIP = NO;
				ENABLE_STRICT_OBJC_MSGSEND = YES;
				GCC_C_LANGUAGE_STANDARD = gnu99;
				GCC_DYNAMIC_NO_PIC = NO;
				GCC_OPTIMIZATION_LEVEL = 0;
				GCC_PREPROCESSOR_DEFINITIONS = (
					"DEBUG=1",
					"$(inherited)",
				);
				GCC_SYMBOLS_PRIVATE_EXTERN = NO;
				GCC_WARN_64_TO_32_BIT_CONVERSION = YES;
				GCC_WARN_ABOUT_RETURN_TYPE = YES_ERROR;
				GCC_WARN_UNDECLARED_SELECTOR = YES;
				GCC_WARN_UNINITIALIZED_AUTOS = YES_AGGRESSIVE;
				GCC_WARN_UNUSED_FUNCTION = YES;
				GCC_WARN_UNUSED_VARIABLE = YES;
				IPHONEOS_DEPLOYMENT_TARGET = 8.1;
				MTL_ENABLE_DEBUG_INFO = YES;
				ONLY_ACTIVE_ARCH = YES;
				SDKROOT = iphoneos;
				SWIFT_OPTIMIZATION_LEVEL = "-Onone";
				TARGETED_DEVICE_FAMILY = "1,2";
			};
			name = Debug;
		};
		D43AE7351A344531005EB70D /* Release */ = {
			isa = XCBuildConfiguration;
			buildSettings = {
				ALWAYS_SEARCH_USER_PATHS = NO;
				CLANG_CXX_LANGUAGE_STANDARD = "gnu++0x";
				CLANG_CXX_LIBRARY = "libc++";
				CLANG_ENABLE_MODULES = YES;
				CLANG_ENABLE_OBJC_ARC = YES;
				CLANG_WARN_BOOL_CONVERSION = YES;
				CLANG_WARN_CONSTANT_CONVERSION = YES;
				CLANG_WARN_DIRECT_OBJC_ISA_USAGE = YES_ERROR;
				CLANG_WARN_EMPTY_BODY = YES;
				CLANG_WARN_ENUM_CONVERSION = YES;
				CLANG_WARN_INT_CONVERSION = YES;
				CLANG_WARN_OBJC_ROOT_CLASS = YES_ERROR;
				CLANG_WARN_UNREACHABLE_CODE = YES;
				CLANG_WARN__DUPLICATE_METHOD_MATCH = YES;
				"CODE_SIGN_IDENTITY[sdk=iphoneos*]" = "iPhone Developer";
				COPY_PHASE_STRIP = YES;
				ENABLE_NS_ASSERTIONS = NO;
				ENABLE_STRICT_OBJC_MSGSEND = YES;
				GCC_C_LANGUAGE_STANDARD = gnu99;
				GCC_WARN_64_TO_32_BIT_CONVERSION = YES;
				GCC_WARN_ABOUT_RETURN_TYPE = YES_ERROR;
				GCC_WARN_UNDECLARED_SELECTOR = YES;
				GCC_WARN_UNINITIALIZED_AUTOS = YES_AGGRESSIVE;
				GCC_WARN_UNUSED_FUNCTION = YES;
				GCC_WARN_UNUSED_VARIABLE = YES;
				IPHONEOS_DEPLOYMENT_TARGET = 8.1;
				MTL_ENABLE_DEBUG_INFO = NO;
				SDKROOT = iphoneos;
				TARGETED_DEVICE_FAMILY = "1,2";
				VALIDATE_PRODUCT = YES;
			};
			name = Release;
		};
		D43AE7371A344531005EB70D /* Debug */ = {
			isa = XCBuildConfiguration;
			buildSettings = {
				ASSETCATALOG_COMPILER_APPICON_NAME = AppIcon;
				INFOPLIST_FILE = VacationList/Info.plist;
				LD_RUNPATH_SEARCH_PATHS = "$(inherited) @executable_path/Frameworks";
				PRODUCT_NAME = "$(TARGET_NAME)";
			};
			name = Debug;
		};
		D43AE7381A344531005EB70D /* Release */ = {
			isa = XCBuildConfiguration;
			buildSettings = {
				ASSETCATALOG_COMPILER_APPICON_NAME = AppIcon;
				INFOPLIST_FILE = VacationList/Info.plist;
				LD_RUNPATH_SEARCH_PATHS = "$(inherited) @executable_path/Frameworks";
				PRODUCT_NAME = "$(TARGET_NAME)";
			};
			name = Release;
		};
		D43AE73A1A344531005EB70D /* Debug */ = {
			isa = XCBuildConfiguration;
			buildSettings = {
				BUNDLE_LOADER = "$(TEST_HOST)";
				FRAMEWORK_SEARCH_PATHS = (
					"$(SDKROOT)/Developer/Library/Frameworks",
					"$(inherited)",
				);
				GCC_PREPROCESSOR_DEFINITIONS = (
					"DEBUG=1",
					"$(inherited)",
				);
				INFOPLIST_FILE = VacationListTests/Info.plist;
				LD_RUNPATH_SEARCH_PATHS = "$(inherited) @executable_path/Frameworks @loader_path/Frameworks";
				PRODUCT_NAME = "$(TARGET_NAME)";
				TEST_HOST = "$(BUILT_PRODUCTS_DIR)/VacationList.app/VacationList";
			};
			name = Debug;
		};
		D43AE73B1A344531005EB70D /* Release */ = {
			isa = XCBuildConfiguration;
			buildSettings = {
				BUNDLE_LOADER = "$(TEST_HOST)";
				FRAMEWORK_SEARCH_PATHS = (
					"$(SDKROOT)/Developer/Library/Frameworks",
					"$(inherited)",
				);
				INFOPLIST_FILE = VacationListTests/Info.plist;
				LD_RUNPATH_SEARCH_PATHS = "$(inherited) @executable_path/Frameworks @loader_path/Frameworks";
				PRODUCT_NAME = "$(TARGET_NAME)";
				TEST_HOST = "$(BUILT_PRODUCTS_DIR)/VacationList.app/VacationList";
			};
			name = Release;
		};
/* End XCBuildConfiguration section */

/* Begin XCConfigurationList section */
		D43AE7121A344531005EB70D /* Build configuration list for PBXProject "VacationList" */ = {
			isa = XCConfigurationList;
			buildConfigurations = (
				D43AE7341A344531005EB70D /* Debug */,
				D43AE7351A344531005EB70D /* Release */,
			);
			defaultConfigurationIsVisible = 0;
			defaultConfigurationName = Release;
		};
		D43AE7361A344531005EB70D /* Build configuration list for PBXNativeTarget "VacationList" */ = {
			isa = XCConfigurationList;
			buildConfigurations = (
				D43AE7371A344531005EB70D /* Debug */,
				D43AE7381A344531005EB70D /* Release */,
			);
			defaultConfigurationIsVisible = 0;
		};
		D43AE7391A344531005EB70D /* Build configuration list for PBXNativeTarget "VacationListTests" */ = {
			isa = XCConfigurationList;
			buildConfigurations = (
				D43AE73A1A344531005EB70D /* Debug */,
				D43AE73B1A344531005EB70D /* Release */,
			);
			defaultConfigurationIsVisible = 0;
		};
/* End XCConfigurationList section */
	};
	rootObject = D43AE70F1A344531005EB70D /* Project object */;
}
